
Microsoft Visual Studio Solution File, Format Version 12.00
# Visual Studio Version 17
VisualStudioVersion = 17.9.34728.123
MinimumVisualStudioVersion = 10.0.40219.1
Project("{9A19103F-16F7-4668-BE54-9A1E7A4F7556}") = "EJERCICIO01L", "EJERCICIO01L\EJERCICIO01L.csproj", "{54C91D6E-4620-4C32-BBAD-95D0901B6421}"
EndProject
Project("{9A19103F-16F7-4668-BE54-9A1E7A4F7556}") = "EJERCICIO 02", "EJERCICIO 02\EJERCICIO 02.csproj", "{13B45F64-5323-442A-A7AE-A933354F641A}"
EndProject
Project("{9A19103F-16F7-4668-BE54-9A1E7A4F7556}") = "EJERCICIO03", "EJERCICIO03\EJERCICIO03.csproj", "{3CC1B659-A284-404F-B6FB-112EB11A3816}"
EndProject
Project("{9A19103F-16F7-4668-BE54-9A1E7A4F7556}") = "Ejercicio 4", "Ejercicio 4\Ejercicio 4.csproj", "{E4BAF551-AA58-4DB9-9F15-B4E47521A74D}"
EndProject
Project("{FAE04EC0-301F-11D3-BF4B-00C04F79EFBC}") = "Ejercicio 05", "Ejercicio 05\Ejercicio 05.csproj", "{74A98DE8-EAB4-4FA7-9AD4-5169027F92F0}"
EndProject
Project("{FAE04EC0-301F-11D3-BF4B-00C04F79EFBC}") = "Ejercicio 6", "Ejercicio 6\Ejercicio 6.csproj", "{7A43F1FD-63FE-41FA-839C-10AADA6EF265}"
EndProject
Global
	GlobalSection(SolutionConfigurationPlatforms) = preSolution
		Debug|Any CPU = Debug|Any CPU
		Release|Any CPU = Release|Any CPU
	EndGlobalSection
	GlobalSection(ProjectConfigurationPlatforms) = postSolution
		{54C91D6E-4620-4C32-BBAD-95D0901B6421}.Debug|Any CPU.ActiveCfg = Debug|Any CPU
		{54C91D6E-4620-4C32-BBAD-95D0901B6421}.Debug|Any CPU.Build.0 = Debug|Any CPU
		{54C91D6E-4620-4C32-BBAD-95D0901B6421}.Release|Any CPU.ActiveCfg = Release|Any CPU
		{54C91D6E-4620-4C32-BBAD-95D0901B6421}.Release|Any CPU.Build.0 = Release|Any CPU
		{13B45F64-5323-442A-A7AE-A933354F641A}.Debug|Any CPU.ActiveCfg = Debug|Any CPU
		{13B45F64-5323-442A-A7AE-A933354F641A}.Debug|Any CPU.Build.0 = Debug|Any CPU
		{13B45F64-5323-442A-A7AE-A933354F641A}.Release|Any CPU.ActiveCfg = Release|Any CPU
		{13B45F64-5323-442A-A7AE-A933354F641A}.Release|Any CPU.Build.0 = Release|Any CPU
		{3CC1B659-A284-404F-B6FB-112EB11A3816}.Debug|Any CPU.ActiveCfg = Debug|Any CPU
		{3CC1B659-A284-404F-B6FB-112EB11A3816}.Debug|Any CPU.Build.0 = Debug|Any CPU
		{3CC1B659-A284-404F-B6FB-112EB11A3816}.Release|Any CPU.ActiveCfg = Release|Any CPU
		{3CC1B659-A284-404F-B6FB-112EB11A3816}.Release|Any CPU.Build.0 = Release|Any CPU
		{E4BAF551-AA58-4DB9-9F15-B4E47521A74D}.Debug|Any CPU.ActiveCfg = Debug|Any CPU
		{E4BAF551-AA58-4DB9-9F15-B4E47521A74D}.Debug|Any CPU.Build.0 = Debug|Any CPU
		{E4BAF551-AA58-4DB9-9F15-B4E47521A74D}.Release|Any CPU.ActiveCfg = Release|Any CPU
		{E4BAF551-AA58-4DB9-9F15-B4E47521A74D}.Release|Any CPU.Build.0 = Release|Any CPU
		{74A98DE8-EAB4-4FA7-9AD4-5169027F92F0}.Debug|Any CPU.ActiveCfg = Debug|Any CPU
		{74A98DE8-EAB4-4FA7-9AD4-5169027F92F0}.Debug|Any CPU.Build.0 = Debug|Any CPU
		{74A98DE8-EAB4-4FA7-9AD4-5169027F92F0}.Release|Any CPU.ActiveCfg = Release|Any CPU
		{74A98DE8-EAB4-4FA7-9AD4-5169027F92F0}.Release|Any CPU.Build.0 = Release|Any CPU
		{7A43F1FD-63FE-41FA-839C-10AADA6EF265}.Debug|Any CPU.ActiveCfg = Debug|Any CPU
		{7A43F1FD-63FE-41FA-839C-10AADA6EF265}.Debug|Any CPU.Build.0 = Debug|Any CPU
		{7A43F1FD-63FE-41FA-839C-10AADA6EF265}.Release|Any CPU.ActiveCfg = Release|Any CPU
		{7A43F1FD-63FE-41FA-839C-10AADA6EF265}.Release|Any CPU.Build.0 = Release|Any CPU
	EndGlobalSection
	GlobalSection(SolutionProperties) = preSolution
		HideSolutionNode = FALSE
	EndGlobalSection
	GlobalSection(ExtensibilityGlobals) = postSolution
		SolutionGuid = {1B98CDCA-81E2-4B40-A97B-FDAB8544E0EB}
	EndGlobalSection
EndGlobal
